
Microsoft Visual Studio Solution File, Format Version 12.00
# Visual Studio Version 16
VisualStudioVersion = 16.0.29613.14
MinimumVisualStudioVersion = 10.0.40219.1
Project("{FAE04EC0-301F-11D3-BF4B-00C04F79EFBC}") = "Bunnings_Search", "SpecFlowProject1\Bunnings_Search.csproj", "{BB4396F6-5F13-48E5-BDB2-9560A5E1FA8E}"
EndProject
Global
	GlobalSection(SolutionConfigurationPlatforms) = preSolution
		Debug|Any CPU = Debug|Any CPU
		Release|Any CPU = Release|Any CPU
	EndGlobalSection
	GlobalSection(ProjectConfigurationPlatforms) = postSolution
		{BB4396F6-5F13-48E5-BDB2-9560A5E1FA8E}.Debug|Any CPU.ActiveCfg = Debug|Any CPU
		{BB4396F6-5F13-48E5-BDB2-9560A5E1FA8E}.Debug|Any CPU.Build.0 = Debug|Any CPU
		{BB4396F6-5F13-48E5-BDB2-9560A5E1FA8E}.Release|Any CPU.ActiveCfg = Release|Any CPU
		{BB4396F6-5F13-48E5-BDB2-9560A5E1FA8E}.Release|Any CPU.Build.0 = Release|Any CPU
	EndGlobalSection
	GlobalSection(SolutionProperties) = preSolution
		HideSolutionNode = FALSE
	EndGlobalSection
	GlobalSection(ExtensibilityGlobals) = postSolution
		SolutionGuid = {20DF14AF-23E9-4C84-A0C7-3EEDB9ABE71E}
	EndGlobalSection
EndGlobal
